
Microsoft Visual Studio Solution File, Format Version 12.00
# Visual Studio Version 17
VisualStudioVersion = 17.4.33122.133
MinimumVisualStudioVersion = 10.0.40219.1
Project("{9A19103F-16F7-4668-BE54-9A1E7A4F7556}") = "PROVA_DEV2", "PROVA_DEV2\PROVA_DEV2.csproj", "{62A8CF66-8D6E-4AAA-A955-636241685E02}"
EndProject
Global
	GlobalSection(SolutionConfigurationPlatforms) = preSolution
		Debug|Any CPU = Debug|Any CPU
		Release|Any CPU = Release|Any CPU
	EndGlobalSection
	GlobalSection(ProjectConfigurationPlatforms) = postSolution
		{62A8CF66-8D6E-4AAA-A955-636241685E02}.Debug|Any CPU.ActiveCfg = Debug|Any CPU
		{62A8CF66-8D6E-4AAA-A955-636241685E02}.Debug|Any CPU.Build.0 = Debug|Any CPU
		{62A8CF66-8D6E-4AAA-A955-636241685E02}.Release|Any CPU.ActiveCfg = Release|Any CPU
		{62A8CF66-8D6E-4AAA-A955-636241685E02}.Release|Any CPU.Build.0 = Release|Any CPU
	EndGlobalSection
	GlobalSection(SolutionProperties) = preSolution
		HideSolutionNode = FALSE
	EndGlobalSection
	GlobalSection(ExtensibilityGlobals) = postSolution
		SolutionGuid = {EE86F14B-C3FD-4304-98B3-4FF03CADE656}
	EndGlobalSection
EndGlobal
